// !$*UTF8*$!
{
	archiveVersion = 1;
	classes = {
	};
	objectVersion = 56;
	objects = {

/* Begin PBXBuildFile section */
		7C1AE2BB0C5794E50B70AEB4 /* Pods_Bolt_Ecommerce_App.framework in Frameworks */ = {isa = PBXBuildFile; fileRef = BDD8F1F8EA1AFF143A091F21 /* Pods_Bolt_Ecommerce_App.framework */; };
		F20875752A66FD5B00AFE661 /* ProductCell.xib in Resources */ = {isa = PBXBuildFile; fileRef = F20875742A66FD5B00AFE661 /* ProductCell.xib */; };
		F20875792A6728E800AFE661 /* AddressCell.swift in Sources */ = {isa = PBXBuildFile; fileRef = F20875772A6728E800AFE661 /* AddressCell.swift */; };
		F208757A2A6728E800AFE661 /* AddressCell.xib in Resources */ = {isa = PBXBuildFile; fileRef = F20875782A6728E800AFE661 /* AddressCell.xib */; };
		F208757C2A6733CA00AFE661 /* CartAndPayment.storyboard in Resources */ = {isa = PBXBuildFile; fileRef = F208757B2A6733CA00AFE661 /* CartAndPayment.storyboard */; };
		F208757E2A67382B00AFE661 /* DashedButton.swift in Sources */ = {isa = PBXBuildFile; fileRef = F208757D2A67382B00AFE661 /* DashedButton.swift */; };
		F20875802A673C4E00AFE661 /* AddressVC.swift in Sources */ = {isa = PBXBuildFile; fileRef = F208757F2A673C4E00AFE661 /* AddressVC.swift */; };
		F20875822A673FF100AFE661 /* AddressTableViewExt.swift in Sources */ = {isa = PBXBuildFile; fileRef = F20875812A673FF100AFE661 /* AddressTableViewExt.swift */; };
		F20875842A6750F600AFE661 /* SideMenu.swift in Sources */ = {isa = PBXBuildFile; fileRef = F20875832A6750F600AFE661 /* SideMenu.swift */; };
		F20875862A6752A100AFE661 /* Category.swift in Sources */ = {isa = PBXBuildFile; fileRef = F20875852A6752A100AFE661 /* Category.swift */; };
		F20C48B32A574FD60072E604 /* ProductCell.swift in Sources */ = {isa = PBXBuildFile; fileRef = F20C48B12A574FD60072E604 /* ProductCell.swift */; };
		F20CF0322A5C4F5F00829E84 /* ProductsCollectionViewExt.swift in Sources */ = {isa = PBXBuildFile; fileRef = F20CF0312A5C4F5F00829E84 /* ProductsCollectionViewExt.swift */; };
		F22FF0AA2A5561FE0037E7F4 /* Home.storyboard in Resources */ = {isa = PBXBuildFile; fileRef = F22FF0A92A5561FE0037E7F4 /* Home.storyboard */; };
		F22FF0AC2A55869E0037E7F4 /* UITextFieldExt.swift in Sources */ = {isa = PBXBuildFile; fileRef = F22FF0AB2A55869E0037E7F4 /* UITextFieldExt.swift */; };
		F22FF0AF2A55A5C10037E7F4 /* Constants.swift in Sources */ = {isa = PBXBuildFile; fileRef = F22FF0AE2A55A5C10037E7F4 /* Constants.swift */; };
		F22FF0B22A55DBE60037E7F4 /* CategoryCell.swift in Sources */ = {isa = PBXBuildFile; fileRef = F22FF0B02A55DBE60037E7F4 /* CategoryCell.swift */; };
		F22FF0B32A55DBE60037E7F4 /* CategoryCell.xib in Resources */ = {isa = PBXBuildFile; fileRef = F22FF0B12A55DBE60037E7F4 /* CategoryCell.xib */; };
		F22FF0B52A56179D0037E7F4 /* SignupVC.swift in Sources */ = {isa = PBXBuildFile; fileRef = F22FF0B42A56179D0037E7F4 /* SignupVC.swift */; };
		F22FF0B72A561C4D0037E7F4 /* GlobalFunctions.swift in Sources */ = {isa = PBXBuildFile; fileRef = F22FF0B62A561C4D0037E7F4 /* GlobalFunctions.swift */; };
		F248E8652A58333A00AEA77D /* CoreDataStack.swift in Sources */ = {isa = PBXBuildFile; fileRef = F248E8642A58333A00AEA77D /* CoreDataStack.swift */; };
		F248E86C2A58BD9500AEA77D /* FBLoginButtonExt.swift in Sources */ = {isa = PBXBuildFile; fileRef = F248E86B2A58BD9500AEA77D /* FBLoginButtonExt.swift */; };
		F248E8702A58BFB900AEA77D /* HomeCollectionViewExt.swift in Sources */ = {isa = PBXBuildFile; fileRef = F248E86F2A58BFB900AEA77D /* HomeCollectionViewExt.swift */; };
		F253914E2A5E962200A90F29 /* CustomButton.swift in Sources */ = {isa = PBXBuildFile; fileRef = F253914D2A5E962200A90F29 /* CustomButton.swift */; };
		F26D29ED2A5F44D8009476A7 /* Localizable.strings in Resources */ = {isa = PBXBuildFile; fileRef = F26D29EF2A5F44D8009476A7 /* Localizable.strings */; };
		F26D29F22A5F4B26009476A7 /* StringExt.swift in Sources */ = {isa = PBXBuildFile; fileRef = F26D29F12A5F4B26009476A7 /* StringExt.swift */; };
		F26D29F62A5F6410009476A7 /* Payment.storyboard in Resources */ = {isa = PBXBuildFile; fileRef = F26D29F52A5F6410009476A7 /* Payment.storyboard */; };
		F28429D52A67BAB80033DCAA /* CheckBox.swift in Sources */ = {isa = PBXBuildFile; fileRef = F28429D42A67BAB80033DCAA /* CheckBox.swift */; };
		F2A199092A5D95F4001EFBC7 /* RatePopUpView.swift in Sources */ = {isa = PBXBuildFile; fileRef = F2A199082A5D95F4001EFBC7 /* RatePopUpView.swift */; };
		F2A1990B2A5DC09A001EFBC7 /* PopUpView.swift in Sources */ = {isa = PBXBuildFile; fileRef = F2A1990A2A5DC09A001EFBC7 /* PopUpView.swift */; };
		F2A62E172A5C9EA9005944A0 /* ProductDetailsVC.swift in Sources */ = {isa = PBXBuildFile; fileRef = F2A62E162A5C9EA9005944A0 /* ProductDetailsVC.swift */; };
		F2A62E192A5CA563005944A0 /* ProductsSearchBarExt.swift in Sources */ = {isa = PBXBuildFile; fileRef = F2A62E182A5CA563005944A0 /* ProductsSearchBarExt.swift */; };
		F2C02D4B2A6514D700A6A46A /* CartItems.xcdatamodeld in Sources */ = {isa = PBXBuildFile; fileRef = F2C02D492A6514D700A6A46A /* CartItems.xcdatamodeld */; };
		F2C02D562A652F9300A6A46A /* CartItems+CoreDataClass.swift in Sources */ = {isa = PBXBuildFile; fileRef = F2C02D542A652F9300A6A46A /* CartItems+CoreDataClass.swift */; };
		F2C02D572A652F9300A6A46A /* CartItems+CoreDataProperties.swift in Sources */ = {isa = PBXBuildFile; fileRef = F2C02D552A652F9300A6A46A /* CartItems+CoreDataProperties.swift */; };
		F2C1F00D2A568E1E0019A8D9 /* GoogleService-Info.plist in Resources */ = {isa = PBXBuildFile; fileRef = F2C1F00C2A568E1E0019A8D9 /* GoogleService-Info.plist */; };
		F2C1F0102A569B430019A8D9 /* FirebaseUserListener.swift in Sources */ = {isa = PBXBuildFile; fileRef = F2C1F00F2A569B430019A8D9 /* FirebaseUserListener.swift */; };
		F2C1F0122A56A5060019A8D9 /* FirebaseCollectionRef.swift in Sources */ = {isa = PBXBuildFile; fileRef = F2C1F0112A56A5060019A8D9 /* FirebaseCollectionRef.swift */; };
		F2D16CF02A61C23400B36DDB /* SideMenuTableViewExt.swift in Sources */ = {isa = PBXBuildFile; fileRef = F2D16CEF2A61C23400B36DDB /* SideMenuTableViewExt.swift */; };
		F2D5B5E52A5A84650057F043 /* SideMenuVC.swift in Sources */ = {isa = PBXBuildFile; fileRef = F2D5B5E42A5A84650057F043 /* SideMenuVC.swift */; };
		F2D5B5E72A5A87420057F043 /* SideMenuCell.swift in Sources */ = {isa = PBXBuildFile; fileRef = F2D5B5E62A5A87420057F043 /* SideMenuCell.swift */; };
		F2D5B5E92A5A883A0057F043 /* SideMenuCell.xib in Resources */ = {isa = PBXBuildFile; fileRef = F2D5B5E82A5A883A0057F043 /* SideMenuCell.xib */; };
		F2D5B5EE2A5ABBFB0057F043 /* ProductsVC.swift in Sources */ = {isa = PBXBuildFile; fileRef = F2D5B5ED2A5ABBFB0057F043 /* ProductsVC.swift */; };
		F2DF68D82A53ED0000FC8E82 /* AppDelegate.swift in Sources */ = {isa = PBXBuildFile; fileRef = F2DF68D72A53ED0000FC8E82 /* AppDelegate.swift */; };
		F2DF68DA2A53ED0000FC8E82 /* SceneDelegate.swift in Sources */ = {isa = PBXBuildFile; fileRef = F2DF68D92A53ED0000FC8E82 /* SceneDelegate.swift */; };
		F2DF68DC2A53ED0100FC8E82 /* FirstVC.swift in Sources */ = {isa = PBXBuildFile; fileRef = F2DF68DB2A53ED0100FC8E82 /* FirstVC.swift */; };
		F2DF68DF2A53ED0100FC8E82 /* Main.storyboard in Resources */ = {isa = PBXBuildFile; fileRef = F2DF68DD2A53ED0100FC8E82 /* Main.storyboard */; };
		F2DF68E12A53ED0400FC8E82 /* Assets.xcassets in Resources */ = {isa = PBXBuildFile; fileRef = F2DF68E02A53ED0400FC8E82 /* Assets.xcassets */; };
		F2DF68E42A53ED0400FC8E82 /* LaunchScreen.storyboard in Resources */ = {isa = PBXBuildFile; fileRef = F2DF68E22A53ED0400FC8E82 /* LaunchScreen.storyboard */; };
		F2DF68F02A53F76500FC8E82 /* Segoe UI Italic.ttf in Resources */ = {isa = PBXBuildFile; fileRef = F2DF68EC2A53F76500FC8E82 /* Segoe UI Italic.ttf */; };
		F2DF68F12A53F76500FC8E82 /* Segoe UI.ttf in Resources */ = {isa = PBXBuildFile; fileRef = F2DF68ED2A53F76500FC8E82 /* Segoe UI.ttf */; };
		F2DF68F22A53F76500FC8E82 /* Segoe UI Bold.ttf in Resources */ = {isa = PBXBuildFile; fileRef = F2DF68EE2A53F76500FC8E82 /* Segoe UI Bold.ttf */; };
		F2DF68F32A53F76500FC8E82 /* Segoe UI Bold Italic.ttf in Resources */ = {isa = PBXBuildFile; fileRef = F2DF68EF2A53F76500FC8E82 /* Segoe UI Bold Italic.ttf */; };
		F2DF68F62A541C3E00FC8E82 /* LoginVC.swift in Sources */ = {isa = PBXBuildFile; fileRef = F2DF68F52A541C3E00FC8E82 /* LoginVC.swift */; };
		F2DF68F92A542AB600FC8E82 /* UIViewExt.swift in Sources */ = {isa = PBXBuildFile; fileRef = F2DF68F82A542AB600FC8E82 /* UIViewExt.swift */; };
		F2DF68FC2A5443C700FC8E82 /* User.swift in Sources */ = {isa = PBXBuildFile; fileRef = F2DF68FB2A5443C700FC8E82 /* User.swift */; };
		F2DF68FE2A54488300FC8E82 /* HomeVC.swift in Sources */ = {isa = PBXBuildFile; fileRef = F2DF68FD2A54488300FC8E82 /* HomeVC.swift */; };
		F2E995C42A6437C7006CBFA2 /* Product.swift in Sources */ = {isa = PBXBuildFile; fileRef = F2E995C32A6437C7006CBFA2 /* Product.swift */; };
		F2F385E12A5FFEAF00924BD9 /* CartCell.swift in Sources */ = {isa = PBXBuildFile; fileRef = F2F385DF2A5FFEAF00924BD9 /* CartCell.swift */; };
		F2F385E22A5FFEAF00924BD9 /* CartCell.xib in Resources */ = {isa = PBXBuildFile; fileRef = F2F385E02A5FFEAF00924BD9 /* CartCell.xib */; };
		F2F385E42A60033C00924BD9 /* CartVC.swift in Sources */ = {isa = PBXBuildFile; fileRef = F2F385E32A60033C00924BD9 /* CartVC.swift */; };
		F2F385E62A60035B00924BD9 /* CartTableViewExt.swift in Sources */ = {isa = PBXBuildFile; fileRef = F2F385E52A60035B00924BD9 /* CartTableViewExt.swift */; };
/* End PBXBuildFile section */

/* Begin PBXFileReference section */
		7089AB308CB86FA0384E165E /* Pods-Bolt-Ecommerce-App.debug.xcconfig */ = {isa = PBXFileReference; includeInIndex = 1; lastKnownFileType = text.xcconfig; name = "Pods-Bolt-Ecommerce-App.debug.xcconfig"; path = "Target Support Files/Pods-Bolt-Ecommerce-App/Pods-Bolt-Ecommerce-App.debug.xcconfig"; sourceTree = "<group>"; };
		9BA45701C6247A641EBA5445 /* Pods-Bolt-Ecommerce-App.release.xcconfig */ = {isa = PBXFileReference; includeInIndex = 1; lastKnownFileType = text.xcconfig; name = "Pods-Bolt-Ecommerce-App.release.xcconfig"; path = "Target Support Files/Pods-Bolt-Ecommerce-App/Pods-Bolt-Ecommerce-App.release.xcconfig"; sourceTree = "<group>"; };
		BDD8F1F8EA1AFF143A091F21 /* Pods_Bolt_Ecommerce_App.framework */ = {isa = PBXFileReference; explicitFileType = wrapper.framework; includeInIndex = 0; path = Pods_Bolt_Ecommerce_App.framework; sourceTree = BUILT_PRODUCTS_DIR; };
		F20875742A66FD5B00AFE661 /* ProductCell.xib */ = {isa = PBXFileReference; lastKnownFileType = file.xib; path = ProductCell.xib; sourceTree = "<group>"; };
		F20875772A6728E800AFE661 /* AddressCell.swift */ = {isa = PBXFileReference; lastKnownFileType = sourcecode.swift; path = AddressCell.swift; sourceTree = "<group>"; };
		F20875782A6728E800AFE661 /* AddressCell.xib */ = {isa = PBXFileReference; lastKnownFileType = file.xib; path = AddressCell.xib; sourceTree = "<group>"; };
		F208757B2A6733CA00AFE661 /* CartAndPayment.storyboard */ = {isa = PBXFileReference; lastKnownFileType = file.storyboard; path = CartAndPayment.storyboard; sourceTree = "<group>"; };
		F208757D2A67382B00AFE661 /* DashedButton.swift */ = {isa = PBXFileReference; lastKnownFileType = sourcecode.swift; path = DashedButton.swift; sourceTree = "<group>"; };
		F208757F2A673C4E00AFE661 /* AddressVC.swift */ = {isa = PBXFileReference; lastKnownFileType = sourcecode.swift; path = AddressVC.swift; sourceTree = "<group>"; };
		F20875812A673FF100AFE661 /* AddressTableViewExt.swift */ = {isa = PBXFileReference; lastKnownFileType = sourcecode.swift; path = AddressTableViewExt.swift; sourceTree = "<group>"; };
		F20875832A6750F600AFE661 /* SideMenu.swift */ = {isa = PBXFileReference; lastKnownFileType = sourcecode.swift; path = SideMenu.swift; sourceTree = "<group>"; };
		F20875852A6752A100AFE661 /* Category.swift */ = {isa = PBXFileReference; lastKnownFileType = sourcecode.swift; path = Category.swift; sourceTree = "<group>"; };
		F20C48B12A574FD60072E604 /* ProductCell.swift */ = {isa = PBXFileReference; lastKnownFileType = sourcecode.swift; path = ProductCell.swift; sourceTree = "<group>"; };
		F20CF0312A5C4F5F00829E84 /* ProductsCollectionViewExt.swift */ = {isa = PBXFileReference; lastKnownFileType = sourcecode.swift; path = ProductsCollectionViewExt.swift; sourceTree = "<group>"; };
		F22FF0A92A5561FE0037E7F4 /* Home.storyboard */ = {isa = PBXFileReference; lastKnownFileType = file.storyboard; path = Home.storyboard; sourceTree = "<group>"; };
		F22FF0AB2A55869E0037E7F4 /* UITextFieldExt.swift */ = {isa = PBXFileReference; lastKnownFileType = sourcecode.swift; path = UITextFieldExt.swift; sourceTree = "<group>"; };
		F22FF0AE2A55A5C10037E7F4 /* Constants.swift */ = {isa = PBXFileReference; lastKnownFileType = sourcecode.swift; path = Constants.swift; sourceTree = "<group>"; };
		F22FF0B02A55DBE60037E7F4 /* CategoryCell.swift */ = {isa = PBXFileReference; lastKnownFileType = sourcecode.swift; path = CategoryCell.swift; sourceTree = "<group>"; };
		F22FF0B12A55DBE60037E7F4 /* CategoryCell.xib */ = {isa = PBXFileReference; lastKnownFileType = file.xib; path = CategoryCell.xib; sourceTree = "<group>"; };
		F22FF0B42A56179D0037E7F4 /* SignupVC.swift */ = {isa = PBXFileReference; lastKnownFileType = sourcecode.swift; path = SignupVC.swift; sourceTree = "<group>"; };
		F22FF0B62A561C4D0037E7F4 /* GlobalFunctions.swift */ = {isa = PBXFileReference; lastKnownFileType = sourcecode.swift; path = GlobalFunctions.swift; sourceTree = "<group>"; };
		F248E8642A58333A00AEA77D /* CoreDataStack.swift */ = {isa = PBXFileReference; lastKnownFileType = sourcecode.swift; path = CoreDataStack.swift; sourceTree = "<group>"; };
		F248E86A2A588CDE00AEA77D /* Bolt-Ecommerce-App.entitlements */ = {isa = PBXFileReference; lastKnownFileType = text.plist.entitlements; path = "Bolt-Ecommerce-App.entitlements"; sourceTree = "<group>"; };
		F248E86B2A58BD9500AEA77D /* FBLoginButtonExt.swift */ = {isa = PBXFileReference; lastKnownFileType = sourcecode.swift; path = FBLoginButtonExt.swift; sourceTree = "<group>"; };
		F248E86F2A58BFB900AEA77D /* HomeCollectionViewExt.swift */ = {isa = PBXFileReference; lastKnownFileType = sourcecode.swift; path = HomeCollectionViewExt.swift; sourceTree = "<group>"; };
		F253914D2A5E962200A90F29 /* CustomButton.swift */ = {isa = PBXFileReference; lastKnownFileType = sourcecode.swift; path = CustomButton.swift; sourceTree = "<group>"; };
		F26D29E92A5F3FC0009476A7 /* ar */ = {isa = PBXFileReference; lastKnownFileType = text.plist.strings; name = ar; path = ar.lproj/Main.strings; sourceTree = "<group>"; };
		F26D29EA2A5F3FC1009476A7 /* ar */ = {isa = PBXFileReference; lastKnownFileType = text.plist.strings; name = ar; path = ar.lproj/LaunchScreen.strings; sourceTree = "<group>"; };
		F26D29EE2A5F44D8009476A7 /* en */ = {isa = PBXFileReference; lastKnownFileType = text.plist.strings; name = en; path = en.lproj/Localizable.strings; sourceTree = "<group>"; };
		F26D29F02A5F44ED009476A7 /* ar */ = {isa = PBXFileReference; lastKnownFileType = text.plist.strings; name = ar; path = ar.lproj/Localizable.strings; sourceTree = "<group>"; };
		F26D29F12A5F4B26009476A7 /* StringExt.swift */ = {isa = PBXFileReference; lastKnownFileType = sourcecode.swift; path = StringExt.swift; sourceTree = "<group>"; };
		F26D29F52A5F6410009476A7 /* Payment.storyboard */ = {isa = PBXFileReference; lastKnownFileType = file.storyboard; path = Payment.storyboard; sourceTree = "<group>"; };
		F28429D42A67BAB80033DCAA /* CheckBox.swift */ = {isa = PBXFileReference; lastKnownFileType = sourcecode.swift; path = CheckBox.swift; sourceTree = "<group>"; };
		F2A199082A5D95F4001EFBC7 /* RatePopUpView.swift */ = {isa = PBXFileReference; lastKnownFileType = sourcecode.swift; path = RatePopUpView.swift; sourceTree = "<group>"; };
		F2A1990A2A5DC09A001EFBC7 /* PopUpView.swift */ = {isa = PBXFileReference; lastKnownFileType = sourcecode.swift; path = PopUpView.swift; sourceTree = "<group>"; };
		F2A62E162A5C9EA9005944A0 /* ProductDetailsVC.swift */ = {isa = PBXFileReference; lastKnownFileType = sourcecode.swift; path = ProductDetailsVC.swift; sourceTree = "<group>"; };
		F2A62E182A5CA563005944A0 /* ProductsSearchBarExt.swift */ = {isa = PBXFileReference; lastKnownFileType = sourcecode.swift; path = ProductsSearchBarExt.swift; sourceTree = "<group>"; };
		F2C02D4A2A6514D700A6A46A /* CartItems.xcdatamodel */ = {isa = PBXFileReference; lastKnownFileType = wrapper.xcdatamodel; path = CartItems.xcdatamodel; sourceTree = "<group>"; };
		F2C02D542A652F9300A6A46A /* CartItems+CoreDataClass.swift */ = {isa = PBXFileReference; lastKnownFileType = sourcecode.swift; path = "CartItems+CoreDataClass.swift"; sourceTree = SOURCE_ROOT; };
		F2C02D552A652F9300A6A46A /* CartItems+CoreDataProperties.swift */ = {isa = PBXFileReference; lastKnownFileType = sourcecode.swift; path = "CartItems+CoreDataProperties.swift"; sourceTree = SOURCE_ROOT; };
		F2C1F00C2A568E1E0019A8D9 /* GoogleService-Info.plist */ = {isa = PBXFileReference; fileEncoding = 4; lastKnownFileType = text.plist.xml; path = "GoogleService-Info.plist"; sourceTree = "<group>"; };
		F2C1F00F2A569B430019A8D9 /* FirebaseUserListener.swift */ = {isa = PBXFileReference; lastKnownFileType = sourcecode.swift; path = FirebaseUserListener.swift; sourceTree = "<group>"; };
		F2C1F0112A56A5060019A8D9 /* FirebaseCollectionRef.swift */ = {isa = PBXFileReference; lastKnownFileType = sourcecode.swift; path = FirebaseCollectionRef.swift; sourceTree = "<group>"; };
		F2D16CEF2A61C23400B36DDB /* SideMenuTableViewExt.swift */ = {isa = PBXFileReference; lastKnownFileType = sourcecode.swift; path = SideMenuTableViewExt.swift; sourceTree = "<group>"; };
		F2D5B5E42A5A84650057F043 /* SideMenuVC.swift */ = {isa = PBXFileReference; lastKnownFileType = sourcecode.swift; path = SideMenuVC.swift; sourceTree = "<group>"; };
		F2D5B5E62A5A87420057F043 /* SideMenuCell.swift */ = {isa = PBXFileReference; lastKnownFileType = sourcecode.swift; path = SideMenuCell.swift; sourceTree = "<group>"; };
		F2D5B5E82A5A883A0057F043 /* SideMenuCell.xib */ = {isa = PBXFileReference; lastKnownFileType = file.xib; path = SideMenuCell.xib; sourceTree = "<group>"; };
		F2D5B5ED2A5ABBFB0057F043 /* ProductsVC.swift */ = {isa = PBXFileReference; lastKnownFileType = sourcecode.swift; path = ProductsVC.swift; sourceTree = "<group>"; };
		F2DF68D42A53ED0000FC8E82 /* Bolt-Ecommerce-App.app */ = {isa = PBXFileReference; explicitFileType = wrapper.application; includeInIndex = 0; path = "Bolt-Ecommerce-App.app"; sourceTree = BUILT_PRODUCTS_DIR; };
		F2DF68D72A53ED0000FC8E82 /* AppDelegate.swift */ = {isa = PBXFileReference; lastKnownFileType = sourcecode.swift; path = AppDelegate.swift; sourceTree = "<group>"; };
		F2DF68D92A53ED0000FC8E82 /* SceneDelegate.swift */ = {isa = PBXFileReference; lastKnownFileType = sourcecode.swift; path = SceneDelegate.swift; sourceTree = "<group>"; };
		F2DF68DB2A53ED0100FC8E82 /* FirstVC.swift */ = {isa = PBXFileReference; lastKnownFileType = sourcecode.swift; path = FirstVC.swift; sourceTree = "<group>"; };
		F2DF68DE2A53ED0100FC8E82 /* Base */ = {isa = PBXFileReference; lastKnownFileType = file.storyboard; name = Base; path = Base.lproj/Main.storyboard; sourceTree = "<group>"; };
		F2DF68E02A53ED0400FC8E82 /* Assets.xcassets */ = {isa = PBXFileReference; lastKnownFileType = folder.assetcatalog; path = Assets.xcassets; sourceTree = "<group>"; };
		F2DF68E32A53ED0400FC8E82 /* Base */ = {isa = PBXFileReference; lastKnownFileType = file.storyboard; name = Base; path = Base.lproj/LaunchScreen.storyboard; sourceTree = "<group>"; };
		F2DF68E52A53ED0400FC8E82 /* Info.plist */ = {isa = PBXFileReference; lastKnownFileType = text.plist.xml; path = Info.plist; sourceTree = "<group>"; };
		F2DF68EC2A53F76500FC8E82 /* Segoe UI Italic.ttf */ = {isa = PBXFileReference; lastKnownFileType = file; path = "Segoe UI Italic.ttf"; sourceTree = "<group>"; };
		F2DF68ED2A53F76500FC8E82 /* Segoe UI.ttf */ = {isa = PBXFileReference; lastKnownFileType = file; path = "Segoe UI.ttf"; sourceTree = "<group>"; };
		F2DF68EE2A53F76500FC8E82 /* Segoe UI Bold.ttf */ = {isa = PBXFileReference; lastKnownFileType = file; path = "Segoe UI Bold.ttf"; sourceTree = "<group>"; };
		F2DF68EF2A53F76500FC8E82 /* Segoe UI Bold Italic.ttf */ = {isa = PBXFileReference; lastKnownFileType = file; path = "Segoe UI Bold Italic.ttf"; sourceTree = "<group>"; };
		F2DF68F52A541C3E00FC8E82 /* LoginVC.swift */ = {isa = PBXFileReference; lastKnownFileType = sourcecode.swift; path = LoginVC.swift; sourceTree = "<group>"; };
		F2DF68F82A542AB600FC8E82 /* UIViewExt.swift */ = {isa = PBXFileReference; lastKnownFileType = sourcecode.swift; path = UIViewExt.swift; sourceTree = "<group>"; };
		F2DF68FB2A5443C700FC8E82 /* User.swift */ = {isa = PBXFileReference; lastKnownFileType = sourcecode.swift; path = User.swift; sourceTree = "<group>"; };
		F2DF68FD2A54488300FC8E82 /* HomeVC.swift */ = {isa = PBXFileReference; lastKnownFileType = sourcecode.swift; path = HomeVC.swift; sourceTree = "<group>"; };
		F2E995C32A6437C7006CBFA2 /* Product.swift */ = {isa = PBXFileReference; lastKnownFileType = sourcecode.swift; path = Product.swift; sourceTree = "<group>"; };
		F2F385DF2A5FFEAF00924BD9 /* CartCell.swift */ = {isa = PBXFileReference; lastKnownFileType = sourcecode.swift; path = CartCell.swift; sourceTree = "<group>"; };
		F2F385E02A5FFEAF00924BD9 /* CartCell.xib */ = {isa = PBXFileReference; lastKnownFileType = file.xib; path = CartCell.xib; sourceTree = "<group>"; };
		F2F385E32A60033C00924BD9 /* CartVC.swift */ = {isa = PBXFileReference; lastKnownFileType = sourcecode.swift; path = CartVC.swift; sourceTree = "<group>"; };
		F2F385E52A60035B00924BD9 /* CartTableViewExt.swift */ = {isa = PBXFileReference; lastKnownFileType = sourcecode.swift; path = CartTableViewExt.swift; sourceTree = "<group>"; };
/* End PBXFileReference section */

/* Begin PBXFrameworksBuildPhase section */
		F2DF68D12A53ED0000FC8E82 /* Frameworks */ = {
			isa = PBXFrameworksBuildPhase;
			buildActionMask = 2147483647;
			files = (
				7C1AE2BB0C5794E50B70AEB4 /* Pods_Bolt_Ecommerce_App.framework in Frameworks */,
			);
			runOnlyForDeploymentPostprocessing = 0;
		};
/* End PBXFrameworksBuildPhase section */

/* Begin PBXGroup section */
		90715BA610699B2A17BEE3F5 /* Pods */ = {
			isa = PBXGroup;
			children = (
				7089AB308CB86FA0384E165E /* Pods-Bolt-Ecommerce-App.debug.xcconfig */,
				9BA45701C6247A641EBA5445 /* Pods-Bolt-Ecommerce-App.release.xcconfig */,
			);
			path = Pods;
			sourceTree = "<group>";
		};
		D75243E4FB38615988055935 /* Frameworks */ = {
			isa = PBXGroup;
			children = (
				BDD8F1F8EA1AFF143A091F21 /* Pods_Bolt_Ecommerce_App.framework */,
			);
			name = Frameworks;
			sourceTree = "<group>";
		};
		F20875762A67288F00AFE661 /* Address */ = {
			isa = PBXGroup;
			children = (
				F20875772A6728E800AFE661 /* AddressCell.swift */,
				F20875782A6728E800AFE661 /* AddressCell.xib */,
			);
			path = Address;
			sourceTree = "<group>";
		};
		F20C48AF2A574F640072E604 /* Product */ = {
			isa = PBXGroup;
			children = (
				F20C48B12A574FD60072E604 /* ProductCell.swift */,
				F20875742A66FD5B00AFE661 /* ProductCell.xib */,
			);
			path = Product;
			sourceTree = "<group>";
		};
		F20C48B02A574F920072E604 /* Category */ = {
			isa = PBXGroup;
			children = (
				F22FF0B02A55DBE60037E7F4 /* CategoryCell.swift */,
				F22FF0B12A55DBE60037E7F4 /* CategoryCell.xib */,
			);
			path = Category;
			sourceTree = "<group>";
		};
		F22FF0A52A5561410037E7F4 /* Views */ = {
			isa = PBXGroup;
			children = (
				F2DF68DD2A53ED0100FC8E82 /* Main.storyboard */,
			);
			path = Views;
			sourceTree = "<group>";
		};
		F22FF0A62A5561A80037E7F4 /* Login */ = {
			isa = PBXGroup;
			children = (
				F248E86D2A58BF7600AEA77D /* Extensions */,
				F22FF0A52A5561410037E7F4 /* Views */,
			);
			path = Login;
			sourceTree = "<group>";
		};
		F22FF0A72A5561D80037E7F4 /* Products */ = {
			isa = PBXGroup;
			children = (
				F28429D72A67F8710033DCAA /* Controllers */,
				F248E86E2A58BF9900AEA77D /* Extensions */,
				F22FF0A82A5561EA0037E7F4 /* Views */,
			);
			path = Products;
			sourceTree = "<group>";
		};
		F22FF0A82A5561EA0037E7F4 /* Views */ = {
			isa = PBXGroup;
			children = (
				F2D5B5E32A5A84450057F043 /* SideMenu */,
				F20C48B02A574F920072E604 /* Category */,
				F20C48AF2A574F640072E604 /* Product */,
				F2A62E1A2A5CBEB5005944A0 /* RateView */,
				F22FF0A92A5561FE0037E7F4 /* Home.storyboard */,
			);
			path = Views;
			sourceTree = "<group>";
		};
		F22FF0AD2A55A5990037E7F4 /* Helpers */ = {
			isa = PBXGroup;
			children = (
				F22FF0AE2A55A5C10037E7F4 /* Constants.swift */,
				F22FF0B62A561C4D0037E7F4 /* GlobalFunctions.swift */,
				F26D29EF2A5F44D8009476A7 /* Localizable.strings */,
			);
			path = Helpers;
			sourceTree = "<group>";
		};
		F248E85F2A58321900AEA77D /* CoreData */ = {
			isa = PBXGroup;
			children = (
				F2C02D542A652F9300A6A46A /* CartItems+CoreDataClass.swift */,
				F2C02D552A652F9300A6A46A /* CartItems+CoreDataProperties.swift */,
				F248E8642A58333A00AEA77D /* CoreDataStack.swift */,
			);
			path = CoreData;
			sourceTree = "<group>";
		};
		F248E86D2A58BF7600AEA77D /* Extensions */ = {
			isa = PBXGroup;
			children = (
				F248E86B2A58BD9500AEA77D /* FBLoginButtonExt.swift */,
			);
			path = Extensions;
			sourceTree = "<group>";
		};
		F248E86E2A58BF9900AEA77D /* Extensions */ = {
			isa = PBXGroup;
			children = (
				F248E86F2A58BFB900AEA77D /* HomeCollectionViewExt.swift */,
				F20CF0312A5C4F5F00829E84 /* ProductsCollectionViewExt.swift */,
				F2A62E182A5CA563005944A0 /* ProductsSearchBarExt.swift */,
				F2D16CEF2A61C23400B36DDB /* SideMenuTableViewExt.swift */,
			);
			path = Extensions;
			sourceTree = "<group>";
		};
		F26D29F32A5F61E2009476A7 /* Data */ = {
			isa = PBXGroup;
			children = (
				F248E85F2A58321900AEA77D /* CoreData */,
			);
			path = Data;
			sourceTree = "<group>";
		};
		F26D29F42A5F63AB009476A7 /* Views */ = {
			isa = PBXGroup;
			children = (
				F20875762A67288F00AFE661 /* Address */,
				F2F385DE2A5FFE8E00924BD9 /* CartCell */,
				F26D29F52A5F6410009476A7 /* Payment.storyboard */,
				F208757B2A6733CA00AFE661 /* CartAndPayment.storyboard */,
			);
			path = Views;
			sourceTree = "<group>";
		};
		F28429D62A67F8560033DCAA /* Controllers */ = {
			isa = PBXGroup;
			children = (
				F2F385E32A60033C00924BD9 /* CartVC.swift */,
				F208757F2A673C4E00AFE661 /* AddressVC.swift */,
			);
			path = Controllers;
			sourceTree = "<group>";
		};
		F28429D72A67F8710033DCAA /* Controllers */ = {
			isa = PBXGroup;
			children = (
				F2DF68FD2A54488300FC8E82 /* HomeVC.swift */,
				F2D5B5E42A5A84650057F043 /* SideMenuVC.swift */,
				F2D5B5ED2A5ABBFB0057F043 /* ProductsVC.swift */,
				F2A62E162A5C9EA9005944A0 /* ProductDetailsVC.swift */,
			);
			path = Controllers;
			sourceTree = "<group>";
		};
		F2A199052A5D8B59001EFBC7 /* Extensions */ = {
			isa = PBXGroup;
			children = (
				F2F385E52A60035B00924BD9 /* CartTableViewExt.swift */,
				F20875812A673FF100AFE661 /* AddressTableViewExt.swift */,
			);
			path = Extensions;
			sourceTree = "<group>";
		};
		F2A62E152A5C9E64005944A0 /* Payment */ = {
			isa = PBXGroup;
			children = (
				F28429D62A67F8560033DCAA /* Controllers */,
				F2F385DB2A5FE4D800924BD9 /* CustomViews */,
				F2A199052A5D8B59001EFBC7 /* Extensions */,
				F26D29F42A5F63AB009476A7 /* Views */,
			);
			path = Payment;
			sourceTree = "<group>";
		};
		F2A62E1A2A5CBEB5005944A0 /* RateView */ = {
			isa = PBXGroup;
			children = (
				F2A199082A5D95F4001EFBC7 /* RatePopUpView.swift */,
			);
			path = RateView;
			sourceTree = "<group>";
		};
		F2C1F00E2A569B1D0019A8D9 /* FirebaseHelpers */ = {
			isa = PBXGroup;
			children = (
				F2C1F00F2A569B430019A8D9 /* FirebaseUserListener.swift */,
				F2C1F0112A56A5060019A8D9 /* FirebaseCollectionRef.swift */,
			);
			path = FirebaseHelpers;
			sourceTree = "<group>";
		};
		F2D5B5E32A5A84450057F043 /* SideMenu */ = {
			isa = PBXGroup;
			children = (
				F2D5B5E62A5A87420057F043 /* SideMenuCell.swift */,
				F2D5B5E82A5A883A0057F043 /* SideMenuCell.xib */,
			);
			path = SideMenu;
			sourceTree = "<group>";
		};
		F2DF68CB2A53ED0000FC8E82 = {
			isa = PBXGroup;
			children = (
				F2DF68D62A53ED0000FC8E82 /* Bolt-Ecommerce-App */,
				F2DF68D52A53ED0000FC8E82 /* Products */,
				90715BA610699B2A17BEE3F5 /* Pods */,
				D75243E4FB38615988055935 /* Frameworks */,
			);
			sourceTree = "<group>";
		};
		F2DF68D52A53ED0000FC8E82 /* Products */ = {
			isa = PBXGroup;
			children = (
				F2DF68D42A53ED0000FC8E82 /* Bolt-Ecommerce-App.app */,
			);
			name = Products;
			sourceTree = "<group>";
		};
		F2DF68D62A53ED0000FC8E82 /* Bolt-Ecommerce-App */ = {
			isa = PBXGroup;
			children = (
				F248E86A2A588CDE00AEA77D /* Bolt-Ecommerce-App.entitlements */,
				F2C1F00C2A568E1E0019A8D9 /* GoogleService-Info.plist */,
				F2C1F00E2A569B1D0019A8D9 /* FirebaseHelpers */,
				F26D29F32A5F61E2009476A7 /* Data */,
				F22FF0AD2A55A5990037E7F4 /* Helpers */,
				F2DF68FA2A5443B600FC8E82 /* Model */,
				F2DF68F72A542A9300FC8E82 /* Extensions */,
				F2DF68F42A541C1900FC8E82 /* Controllers */,
				F2DF68D72A53ED0000FC8E82 /* AppDelegate.swift */,
				F2DF68D92A53ED0000FC8E82 /* SceneDelegate.swift */,
				F2DF68E02A53ED0400FC8E82 /* Assets.xcassets */,
				F2DF68E22A53ED0400FC8E82 /* LaunchScreen.storyboard */,
				F2DF68E52A53ED0400FC8E82 /* Info.plist */,
				F2C02D492A6514D700A6A46A /* CartItems.xcdatamodeld */,
				F2DF68EB2A53F76500FC8E82 /* segoe-ui-4-cufonfonts */,
			);
			path = "Bolt-Ecommerce-App";
			sourceTree = "<group>";
		};
		F2DF68EB2A53F76500FC8E82 /* segoe-ui-4-cufonfonts */ = {
			isa = PBXGroup;
			children = (
				F2DF68EC2A53F76500FC8E82 /* Segoe UI Italic.ttf */,
				F2DF68ED2A53F76500FC8E82 /* Segoe UI.ttf */,
				F2DF68EE2A53F76500FC8E82 /* Segoe UI Bold.ttf */,
				F2DF68EF2A53F76500FC8E82 /* Segoe UI Bold Italic.ttf */,
			);
			path = "segoe-ui-4-cufonfonts";
			sourceTree = "<group>";
		};
		F2DF68F42A541C1900FC8E82 /* Controllers */ = {
			isa = PBXGroup;
			children = (
				F2DF68DB2A53ED0100FC8E82 /* FirstVC.swift */,
				F2DF68F52A541C3E00FC8E82 /* LoginVC.swift */,
				F22FF0B42A56179D0037E7F4 /* SignupVC.swift */,
				F22FF0A62A5561A80037E7F4 /* Login */,
				F22FF0A72A5561D80037E7F4 /* Products */,
				F2A62E152A5C9E64005944A0 /* Payment */,
			);
			path = Controllers;
			sourceTree = "<group>";
		};
		F2DF68F72A542A9300FC8E82 /* Extensions */ = {
			isa = PBXGroup;
			children = (
				F2DF68F82A542AB600FC8E82 /* UIViewExt.swift */,
				F22FF0AB2A55869E0037E7F4 /* UITextFieldExt.swift */,
				F26D29F12A5F4B26009476A7 /* StringExt.swift */,
			);
			path = Extensions;
			sourceTree = "<group>";
		};
		F2DF68FA2A5443B600FC8E82 /* Model */ = {
			isa = PBXGroup;
			children = (
				F2DF68FB2A5443C700FC8E82 /* User.swift */,
				F2E995C32A6437C7006CBFA2 /* Product.swift */,
				F20875832A6750F600AFE661 /* SideMenu.swift */,
				F20875852A6752A100AFE661 /* Category.swift */,
			);
			path = Model;
			sourceTree = "<group>";
		};
		F2F385DB2A5FE4D800924BD9 /* CustomViews */ = {
			isa = PBXGroup;
			children = (
				F2A1990A2A5DC09A001EFBC7 /* PopUpView.swift */,
				F253914D2A5E962200A90F29 /* CustomButton.swift */,
				F208757D2A67382B00AFE661 /* DashedButton.swift */,
				F28429D42A67BAB80033DCAA /* CheckBox.swift */,
			);
			path = CustomViews;
			sourceTree = "<group>";
		};
		F2F385DE2A5FFE8E00924BD9 /* CartCell */ = {
			isa = PBXGroup;
			children = (
				F2F385DF2A5FFEAF00924BD9 /* CartCell.swift */,
				F2F385E02A5FFEAF00924BD9 /* CartCell.xib */,
			);
			path = CartCell;
			sourceTree = "<group>";
		};
/* End PBXGroup section */

/* Begin PBXNativeTarget section */
		F2DF68D32A53ED0000FC8E82 /* Bolt-Ecommerce-App */ = {
			isa = PBXNativeTarget;
			buildConfigurationList = F2DF68E82A53ED0400FC8E82 /* Build configuration list for PBXNativeTarget "Bolt-Ecommerce-App" */;
			buildPhases = (
				BF44E57D3A03E1F0A037BE52 /* [CP] Check Pods Manifest.lock */,
				F2DF68D02A53ED0000FC8E82 /* Sources */,
				F2DF68D12A53ED0000FC8E82 /* Frameworks */,
				F2DF68D22A53ED0000FC8E82 /* Resources */,
				144D0E8FE5934022B26A77A7 /* [CP] Embed Pods Frameworks */,
			);
			buildRules = (
			);
			dependencies = (
			);
			name = "Bolt-Ecommerce-App";
			productName = "Bolt-Ecommerce-App";
			productReference = F2DF68D42A53ED0000FC8E82 /* Bolt-Ecommerce-App.app */;
			productType = "com.apple.product-type.application";
		};
/* End PBXNativeTarget section */

/* Begin PBXProject section */
		F2DF68CC2A53ED0000FC8E82 /* Project object */ = {
			isa = PBXProject;
			attributes = {
				BuildIndependentTargetsInParallel = 1;
				LastSwiftUpdateCheck = 1420;
				LastUpgradeCheck = 1420;
				TargetAttributes = {
					F2DF68D32A53ED0000FC8E82 = {
						CreatedOnToolsVersion = 14.2;
					};
				};
			};
			buildConfigurationList = F2DF68CF2A53ED0000FC8E82 /* Build configuration list for PBXProject "Bolt-Ecommerce-App" */;
			compatibilityVersion = "Xcode 14.0";
			developmentRegion = en;
			hasScannedForEncodings = 0;
			knownRegions = (
				en,
				Base,
				ar,
			);
			mainGroup = F2DF68CB2A53ED0000FC8E82;
			productRefGroup = F2DF68D52A53ED0000FC8E82 /* Products */;
			projectDirPath = "";
			projectRoot = "";
			targets = (
				F2DF68D32A53ED0000FC8E82 /* Bolt-Ecommerce-App */,
			);
		};
/* End PBXProject section */

/* Begin PBXResourcesBuildPhase section */
		F2DF68D22A53ED0000FC8E82 /* Resources */ = {
			isa = PBXResourcesBuildPhase;
			buildActionMask = 2147483647;
			files = (
				F2DF68E42A53ED0400FC8E82 /* LaunchScreen.storyboard in Resources */,
				F20875752A66FD5B00AFE661 /* ProductCell.xib in Resources */,
				F208757A2A6728E800AFE661 /* AddressCell.xib in Resources */,
				F2DF68F22A53F76500FC8E82 /* Segoe UI Bold.ttf in Resources */,
				F2DF68E12A53ED0400FC8E82 /* Assets.xcassets in Resources */,
				F2DF68F12A53F76500FC8E82 /* Segoe UI.ttf in Resources */,
				F2DF68F02A53F76500FC8E82 /* Segoe UI Italic.ttf in Resources */,
				F2F385E22A5FFEAF00924BD9 /* CartCell.xib in Resources */,
				F2DF68F32A53F76500FC8E82 /* Segoe UI Bold Italic.ttf in Resources */,
				F208757C2A6733CA00AFE661 /* CartAndPayment.storyboard in Resources */,
				F2DF68DF2A53ED0100FC8E82 /* Main.storyboard in Resources */,
				F2C1F00D2A568E1E0019A8D9 /* GoogleService-Info.plist in Resources */,
				F26D29ED2A5F44D8009476A7 /* Localizable.strings in Resources */,
				F22FF0B32A55DBE60037E7F4 /* CategoryCell.xib in Resources */,
				F22FF0AA2A5561FE0037E7F4 /* Home.storyboard in Resources */,
				F2D5B5E92A5A883A0057F043 /* SideMenuCell.xib in Resources */,
				F26D29F62A5F6410009476A7 /* Payment.storyboard in Resources */,
			);
			runOnlyForDeploymentPostprocessing = 0;
		};
/* End PBXResourcesBuildPhase section */

/* Begin PBXShellScriptBuildPhase section */
		144D0E8FE5934022B26A77A7 /* [CP] Embed Pods Frameworks */ = {
			isa = PBXShellScriptBuildPhase;
			buildActionMask = 2147483647;
			files = (
			);
			inputFileListPaths = (
				"${PODS_ROOT}/Target Support Files/Pods-Bolt-Ecommerce-App/Pods-Bolt-Ecommerce-App-frameworks-${CONFIGURATION}-input-files.xcfilelist",
			);
			name = "[CP] Embed Pods Frameworks";
			outputFileListPaths = (
				"${PODS_ROOT}/Target Support Files/Pods-Bolt-Ecommerce-App/Pods-Bolt-Ecommerce-App-frameworks-${CONFIGURATION}-output-files.xcfilelist",
			);
			runOnlyForDeploymentPostprocessing = 0;
			shellPath = /bin/sh;
			shellScript = "\"${PODS_ROOT}/Target Support Files/Pods-Bolt-Ecommerce-App/Pods-Bolt-Ecommerce-App-frameworks.sh\"\n";
			showEnvVarsInLog = 0;
		};
		BF44E57D3A03E1F0A037BE52 /* [CP] Check Pods Manifest.lock */ = {
			isa = PBXShellScriptBuildPhase;
			buildActionMask = 2147483647;
			files = (
			);
			inputFileListPaths = (
			);
			inputPaths = (
				"${PODS_PODFILE_DIR_PATH}/Podfile.lock",
				"${PODS_ROOT}/Manifest.lock",
			);
			name = "[CP] Check Pods Manifest.lock";
			outputFileListPaths = (
			);
			outputPaths = (
				"$(DERIVED_FILE_DIR)/Pods-Bolt-Ecommerce-App-checkManifestLockResult.txt",
			);
			runOnlyForDeploymentPostprocessing = 0;
			shellPath = /bin/sh;
			shellScript = "diff \"${PODS_PODFILE_DIR_PATH}/Podfile.lock\" \"${PODS_ROOT}/Manifest.lock\" > /dev/null\nif [ $? != 0 ] ; then\n    # print error to STDERR\n    echo \"error: The sandbox is not in sync with the Podfile.lock. Run 'pod install' or update your CocoaPods installation.\" >&2\n    exit 1\nfi\n# This output is used by Xcode 'outputs' to avoid re-running this script phase.\necho \"SUCCESS\" > \"${SCRIPT_OUTPUT_FILE_0}\"\n";
			showEnvVarsInLog = 0;
		};
/* End PBXShellScriptBuildPhase section */

/* Begin PBXSourcesBuildPhase section */
		F2DF68D02A53ED0000FC8E82 /* Sources */ = {
			isa = PBXSourcesBuildPhase;
			buildActionMask = 2147483647;
			files = (
				F20875842A6750F600AFE661 /* SideMenu.swift in Sources */,
				F2DF68FE2A54488300FC8E82 /* HomeVC.swift in Sources */,
				F26D29F22A5F4B26009476A7 /* StringExt.swift in Sources */,
				F20875792A6728E800AFE661 /* AddressCell.swift in Sources */,
				F2DF68F92A542AB600FC8E82 /* UIViewExt.swift in Sources */,
				F2D16CF02A61C23400B36DDB /* SideMenuTableViewExt.swift in Sources */,
				F2C02D562A652F9300A6A46A /* CartItems+CoreDataClass.swift in Sources */,
				F2C02D572A652F9300A6A46A /* CartItems+CoreDataProperties.swift in Sources */,
				F2F385E12A5FFEAF00924BD9 /* CartCell.swift in Sources */,
				F248E86C2A58BD9500AEA77D /* FBLoginButtonExt.swift in Sources */,
				F253914E2A5E962200A90F29 /* CustomButton.swift in Sources */,
				F22FF0B22A55DBE60037E7F4 /* CategoryCell.swift in Sources */,
				F22FF0AC2A55869E0037E7F4 /* UITextFieldExt.swift in Sources */,
				F22FF0B52A56179D0037E7F4 /* SignupVC.swift in Sources */,
				F28429D52A67BAB80033DCAA /* CheckBox.swift in Sources */,
				F20CF0322A5C4F5F00829E84 /* ProductsCollectionViewExt.swift in Sources */,
				F2DF68DC2A53ED0100FC8E82 /* FirstVC.swift in Sources */,
				F2F385E62A60035B00924BD9 /* CartTableViewExt.swift in Sources */,
				F2C1F0102A569B430019A8D9 /* FirebaseUserListener.swift in Sources */,
				F2A199092A5D95F4001EFBC7 /* RatePopUpView.swift in Sources */,
				F248E8652A58333A00AEA77D /* CoreDataStack.swift in Sources */,
				F2D5B5E52A5A84650057F043 /* SideMenuVC.swift in Sources */,
				F22FF0AF2A55A5C10037E7F4 /* Constants.swift in Sources */,
				F2C02D4B2A6514D700A6A46A /* CartItems.xcdatamodeld in Sources */,
				F22FF0B72A561C4D0037E7F4 /* GlobalFunctions.swift in Sources */,
				F2A1990B2A5DC09A001EFBC7 /* PopUpView.swift in Sources */,
				F20C48B32A574FD60072E604 /* ProductCell.swift in Sources */,
				F2F385E42A60033C00924BD9 /* CartVC.swift in Sources */,
				F2A62E172A5C9EA9005944A0 /* ProductDetailsVC.swift in Sources */,
				F2DF68FC2A5443C700FC8E82 /* User.swift in Sources */,
				F20875802A673C4E00AFE661 /* AddressVC.swift in Sources */,
				F208757E2A67382B00AFE661 /* DashedButton.swift in Sources */,
				F20875822A673FF100AFE661 /* AddressTableViewExt.swift in Sources */,
				F2D5B5EE2A5ABBFB0057F043 /* ProductsVC.swift in Sources */,
				F2E995C42A6437C7006CBFA2 /* Product.swift in Sources */,
				F2A62E192A5CA563005944A0 /* ProductsSearchBarExt.swift in Sources */,
				F2DF68D82A53ED0000FC8E82 /* AppDelegate.swift in Sources */,
				F2C1F0122A56A5060019A8D9 /* FirebaseCollectionRef.swift in Sources */,
				F2DF68F62A541C3E00FC8E82 /* LoginVC.swift in Sources */,
				F248E8702A58BFB900AEA77D /* HomeCollectionViewExt.swift in Sources */,
				F2DF68DA2A53ED0000FC8E82 /* SceneDelegate.swift in Sources */,
				F2D5B5E72A5A87420057F043 /* SideMenuCell.swift in Sources */,
				F20875862A6752A100AFE661 /* Category.swift in Sources */,
			);
			runOnlyForDeploymentPostprocessing = 0;
		};
/* End PBXSourcesBuildPhase section */

/* Begin PBXVariantGroup section */
		F26D29EF2A5F44D8009476A7 /* Localizable.strings */ = {
			isa = PBXVariantGroup;
			children = (
				F26D29EE2A5F44D8009476A7 /* en */,
				F26D29F02A5F44ED009476A7 /* ar */,
			);
			name = Localizable.strings;
			sourceTree = "<group>";
		};
		F2DF68DD2A53ED0100FC8E82 /* Main.storyboard */ = {
			isa = PBXVariantGroup;
			children = (
				F2DF68DE2A53ED0100FC8E82 /* Base */,
				F26D29E92A5F3FC0009476A7 /* ar */,
			);
			name = Main.storyboard;
			sourceTree = "<group>";
		};
		F2DF68E22A53ED0400FC8E82 /* LaunchScreen.storyboard */ = {
			isa = PBXVariantGroup;
			children = (
				F2DF68E32A53ED0400FC8E82 /* Base */,
				F26D29EA2A5F3FC1009476A7 /* ar */,
			);
			name = LaunchScreen.storyboard;
			sourceTree = "<group>";
		};
/* End PBXVariantGroup section */

/* Begin XCBuildConfiguration section */
		F2DF68E62A53ED0400FC8E82 /* Debug */ = {
			isa = XCBuildConfiguration;
			buildSettings = {
				ALWAYS_SEARCH_USER_PATHS = NO;
				CLANG_ANALYZER_LOCALIZABILITY_NONLOCALIZED = YES;
				CLANG_ANALYZER_NONNULL = YES;
				CLANG_ANALYZER_NUMBER_OBJECT_CONVERSION = YES_AGGRESSIVE;
				CLANG_CXX_LANGUAGE_STANDARD = "gnu++20";
				CLANG_ENABLE_MODULES = YES;
				CLANG_ENABLE_OBJC_ARC = YES;
				CLANG_ENABLE_OBJC_WEAK = YES;
				CLANG_WARN_BLOCK_CAPTURE_AUTORELEASING = YES;
				CLANG_WARN_BOOL_CONVERSION = YES;
				CLANG_WARN_COMMA = YES;
				CLANG_WARN_CONSTANT_CONVERSION = YES;
				CLANG_WARN_DEPRECATED_OBJC_IMPLEMENTATIONS = YES;
				CLANG_WARN_DIRECT_OBJC_ISA_USAGE = YES_ERROR;
				CLANG_WARN_DOCUMENTATION_COMMENTS = YES;
				CLANG_WARN_EMPTY_BODY = YES;
				CLANG_WARN_ENUM_CONVERSION = YES;
				CLANG_WARN_INFINITE_RECURSION = YES;
				CLANG_WARN_INT_CONVERSION = YES;
				CLANG_WARN_NON_LITERAL_NULL_CONVERSION = YES;
				CLANG_WARN_OBJC_IMPLICIT_RETAIN_SELF = YES;
				CLANG_WARN_OBJC_LITERAL_CONVERSION = YES;
				CLANG_WARN_OBJC_ROOT_CLASS = YES_ERROR;
				CLANG_WARN_QUOTED_INCLUDE_IN_FRAMEWORK_HEADER = YES;
				CLANG_WARN_RANGE_LOOP_ANALYSIS = YES;
				CLANG_WARN_STRICT_PROTOTYPES = YES;
				CLANG_WARN_SUSPICIOUS_MOVE = YES;
				CLANG_WARN_UNGUARDED_AVAILABILITY = YES_AGGRESSIVE;
				CLANG_WARN_UNREACHABLE_CODE = YES;
				CLANG_WARN__DUPLICATE_METHOD_MATCH = YES;
				COPY_PHASE_STRIP = NO;
				DEBUG_INFORMATION_FORMAT = dwarf;
				ENABLE_STRICT_OBJC_MSGSEND = YES;
				ENABLE_TESTABILITY = YES;
				GCC_C_LANGUAGE_STANDARD = gnu11;
				GCC_DYNAMIC_NO_PIC = NO;
				GCC_NO_COMMON_BLOCKS = YES;
				GCC_OPTIMIZATION_LEVEL = 0;
				GCC_PREPROCESSOR_DEFINITIONS = (
					"DEBUG=1",
					"$(inherited)",
				);
				GCC_WARN_64_TO_32_BIT_CONVERSION = YES;
				GCC_WARN_ABOUT_RETURN_TYPE = YES_ERROR;
				GCC_WARN_UNDECLARED_SELECTOR = YES;
				GCC_WARN_UNINITIALIZED_AUTOS = YES_AGGRESSIVE;
				GCC_WARN_UNUSED_FUNCTION = YES;
				GCC_WARN_UNUSED_VARIABLE = YES;
				IPHONEOS_DEPLOYMENT_TARGET = 16.2;
				MTL_ENABLE_DEBUG_INFO = INCLUDE_SOURCE;
				MTL_FAST_MATH = YES;
				ONLY_ACTIVE_ARCH = YES;
				SDKROOT = iphoneos;
				SWIFT_ACTIVE_COMPILATION_CONDITIONS = DEBUG;
				SWIFT_OPTIMIZATION_LEVEL = "-Onone";
			};
			name = Debug;
		};
		F2DF68E72A53ED0400FC8E82 /* Release */ = {
			isa = XCBuildConfiguration;
			buildSettings = {
				ALWAYS_SEARCH_USER_PATHS = NO;
				CLANG_ANALYZER_LOCALIZABILITY_NONLOCALIZED = YES;
				CLANG_ANALYZER_NONNULL = YES;
				CLANG_ANALYZER_NUMBER_OBJECT_CONVERSION = YES_AGGRESSIVE;
				CLANG_CXX_LANGUAGE_STANDARD = "gnu++20";
				CLANG_ENABLE_MODULES = YES;
				CLANG_ENABLE_OBJC_ARC = YES;
				CLANG_ENABLE_OBJC_WEAK = YES;
				CLANG_WARN_BLOCK_CAPTURE_AUTORELEASING = YES;
				CLANG_WARN_BOOL_CONVERSION = YES;
				CLANG_WARN_COMMA = YES;
				CLANG_WARN_CONSTANT_CONVERSION = YES;
				CLANG_WARN_DEPRECATED_OBJC_IMPLEMENTATIONS = YES;
				CLANG_WARN_DIRECT_OBJC_ISA_USAGE = YES_ERROR;
				CLANG_WARN_DOCUMENTATION_COMMENTS = YES;
				CLANG_WARN_EMPTY_BODY = YES;
				CLANG_WARN_ENUM_CONVERSION = YES;
				CLANG_WARN_INFINITE_RECURSION = YES;
				CLANG_WARN_INT_CONVERSION = YES;
				CLANG_WARN_NON_LITERAL_NULL_CONVERSION = YES;
				CLANG_WARN_OBJC_IMPLICIT_RETAIN_SELF = YES;
				CLANG_WARN_OBJC_LITERAL_CONVERSION = YES;
				CLANG_WARN_OBJC_ROOT_CLASS = YES_ERROR;
				CLANG_WARN_QUOTED_INCLUDE_IN_FRAMEWORK_HEADER = YES;
				CLANG_WARN_RANGE_LOOP_ANALYSIS = YES;
				CLANG_WARN_STRICT_PROTOTYPES = YES;
				CLANG_WARN_SUSPICIOUS_MOVE = YES;
				CLANG_WARN_UNGUARDED_AVAILABILITY = YES_AGGRESSIVE;
				CLANG_WARN_UNREACHABLE_CODE = YES;
				CLANG_WARN__DUPLICATE_METHOD_MATCH = YES;
				COPY_PHASE_STRIP = NO;
				DEBUG_INFORMATION_FORMAT = "dwarf-with-dsym";
				ENABLE_NS_ASSERTIONS = NO;
				ENABLE_STRICT_OBJC_MSGSEND = YES;
				GCC_C_LANGUAGE_STANDARD = gnu11;
				GCC_NO_COMMON_BLOCKS = YES;
				GCC_WARN_64_TO_32_BIT_CONVERSION = YES;
				GCC_WARN_ABOUT_RETURN_TYPE = YES_ERROR;
				GCC_WARN_UNDECLARED_SELECTOR = YES;
				GCC_WARN_UNINITIALIZED_AUTOS = YES_AGGRESSIVE;
				GCC_WARN_UNUSED_FUNCTION = YES;
				GCC_WARN_UNUSED_VARIABLE = YES;
				IPHONEOS_DEPLOYMENT_TARGET = 16.2;
				MTL_ENABLE_DEBUG_INFO = NO;
				MTL_FAST_MATH = YES;
				SDKROOT = iphoneos;
				SWIFT_COMPILATION_MODE = wholemodule;
				SWIFT_OPTIMIZATION_LEVEL = "-O";
				VALIDATE_PRODUCT = YES;
			};
			name = Release;
		};
		F2DF68E92A53ED0400FC8E82 /* Debug */ = {
			isa = XCBuildConfiguration;
			baseConfigurationReference = 7089AB308CB86FA0384E165E /* Pods-Bolt-Ecommerce-App.debug.xcconfig */;
			buildSettings = {
				ASSETCATALOG_COMPILER_APPICON_NAME = AppIcon;
				ASSETCATALOG_COMPILER_GLOBAL_ACCENT_COLOR_NAME = AccentColor;
				CODE_SIGN_ENTITLEMENTS = "Bolt-Ecommerce-App/Bolt-Ecommerce-App.entitlements";
				CODE_SIGN_STYLE = Automatic;
				CURRENT_PROJECT_VERSION = 1;
				GENERATE_INFOPLIST_FILE = YES;
				INFOPLIST_FILE = "Bolt-Ecommerce-App/Info.plist";
				INFOPLIST_KEY_UIApplicationSupportsIndirectInputEvents = YES;
				INFOPLIST_KEY_UILaunchStoryboardName = LaunchScreen;
				INFOPLIST_KEY_UIMainStoryboardFile = Main;
				INFOPLIST_KEY_UISupportedInterfaceOrientations_iPad = "UIInterfaceOrientationPortrait UIInterfaceOrientationPortraitUpsideDown UIInterfaceOrientationLandscapeLeft UIInterfaceOrientationLandscapeRight";
				INFOPLIST_KEY_UISupportedInterfaceOrientations_iPhone = "UIInterfaceOrientationPortrait UIInterfaceOrientationLandscapeLeft UIInterfaceOrientationLandscapeRight";
				LD_RUNPATH_SEARCH_PATHS = (
					"$(inherited)",
					"@executable_path/Frameworks",
				);
				MARKETING_VERSION = 1.0;
				PRODUCT_BUNDLE_IDENTIFIER = "com.kareem.Bolt-Ecommerce-App";
				PRODUCT_NAME = "$(TARGET_NAME)";
				SWIFT_EMIT_LOC_STRINGS = YES;
				SWIFT_VERSION = 5.0;
				TARGETED_DEVICE_FAMILY = "1,2";
			};
			name = Debug;
		};
		F2DF68EA2A53ED0400FC8E82 /* Release */ = {
			isa = XCBuildConfiguration;
			baseConfigurationReference = 9BA45701C6247A641EBA5445 /* Pods-Bolt-Ecommerce-App.release.xcconfig */;
			buildSettings = {
				ASSETCATALOG_COMPILER_APPICON_NAME = AppIcon;
				ASSETCATALOG_COMPILER_GLOBAL_ACCENT_COLOR_NAME = AccentColor;
				CODE_SIGN_ENTITLEMENTS = "Bolt-Ecommerce-App/Bolt-Ecommerce-App.entitlements";
				CODE_SIGN_STYLE = Automatic;
				CURRENT_PROJECT_VERSION = 1;
				GENERATE_INFOPLIST_FILE = YES;
				INFOPLIST_FILE = "Bolt-Ecommerce-App/Info.plist";
				INFOPLIST_KEY_UIApplicationSupportsIndirectInputEvents = YES;
				INFOPLIST_KEY_UILaunchStoryboardName = LaunchScreen;
				INFOPLIST_KEY_UIMainStoryboardFile = Main;
				INFOPLIST_KEY_UISupportedInterfaceOrientations_iPad = "UIInterfaceOrientationPortrait UIInterfaceOrientationPortraitUpsideDown UIInterfaceOrientationLandscapeLeft UIInterfaceOrientationLandscapeRight";
				INFOPLIST_KEY_UISupportedInterfaceOrientations_iPhone = "UIInterfaceOrientationPortrait UIInterfaceOrientationLandscapeLeft UIInterfaceOrientationLandscapeRight";
				LD_RUNPATH_SEARCH_PATHS = (
					"$(inherited)",
					"@executable_path/Frameworks",
				);
				MARKETING_VERSION = 1.0;
				PRODUCT_BUNDLE_IDENTIFIER = "com.kareem.Bolt-Ecommerce-App";
				PRODUCT_NAME = "$(TARGET_NAME)";
				SWIFT_EMIT_LOC_STRINGS = YES;
				SWIFT_VERSION = 5.0;
				TARGETED_DEVICE_FAMILY = "1,2";
			};
			name = Release;
		};
/* End XCBuildConfiguration section */

/* Begin XCConfigurationList section */
		F2DF68CF2A53ED0000FC8E82 /* Build configuration list for PBXProject "Bolt-Ecommerce-App" */ = {
			isa = XCConfigurationList;
			buildConfigurations = (
				F2DF68E62A53ED0400FC8E82 /* Debug */,
				F2DF68E72A53ED0400FC8E82 /* Release */,
			);
			defaultConfigurationIsVisible = 0;
			defaultConfigurationName = Release;
		};
		F2DF68E82A53ED0400FC8E82 /* Build configuration list for PBXNativeTarget "Bolt-Ecommerce-App" */ = {
			isa = XCConfigurationList;
			buildConfigurations = (
				F2DF68E92A53ED0400FC8E82 /* Debug */,
				F2DF68EA2A53ED0400FC8E82 /* Release */,
			);
			defaultConfigurationIsVisible = 0;
			defaultConfigurationName = Release;
		};
/* End XCConfigurationList section */

/* Begin XCVersionGroup section */
		F2C02D492A6514D700A6A46A /* CartItems.xcdatamodeld */ = {
			isa = XCVersionGroup;
			children = (
				F2C02D4A2A6514D700A6A46A /* CartItems.xcdatamodel */,
			);
			currentVersion = F2C02D4A2A6514D700A6A46A /* CartItems.xcdatamodel */;
			path = CartItems.xcdatamodeld;
			sourceTree = "<group>";
			versionGroupType = wrapper.xcdatamodel;
		};
/* End XCVersionGroup section */
	};
	rootObject = F2DF68CC2A53ED0000FC8E82 /* Project object */;
}
